PODS:
  - AliyunOSSiOS (2.10.22)
  - Masonry (1.1.0)
  - MBProgressHUD (1.2.0)
  - ReactiveObjC (3.1.1)
  - ReactiveSwift (7.1.1)
  - SDWebImage (5.19.4):
    - SDWebImage/Core (= 5.19.4)
  - SDWebImage/Core (5.19.4)
  - SDWebImageSwiftUI (3.1.1):
    - SDWebImage (~> 5.10)
  - TZImagePickerController (3.8.6):
    - TZImagePickerController/Basic (= 3.8.6)
    - TZImagePickerController/Location (= 3.8.6)
  - TZImagePickerController/Basic (3.8.6)
  - TZImagePickerController/Location (3.8.6)

DEPENDENCIES:
  - AliyunOSSiOS
  - Masonry
  - MBProgressHUD (~> 1.2.0)
  - ReactiveObjC (~> 3.1.1)
  - ReactiveSwift
  - SDWebImage (~> 5.0)
  - SDWebImageSwiftUI
  - TZImagePickerController

SPEC REPOS:
  trunk:
    - AliyunOSSiOS
    - Masonry
    - MBProgressHUD
    - ReactiveObjC
    - ReactiveSwift
    - SDWebImage
    - SDWebImageSwiftUI
    - TZImagePickerController

SPEC CHECKSUMS:
  AliyunOSSiOS: b46648fd78909a567e3743fe94183748a407b175
  Masonry: 678fab65091a9290e40e2832a55e7ab731aad201
  MBProgressHUD: 3ee5efcc380f6a79a7cc9b363dd669c5e1ae7406
  ReactiveObjC: 011caa393aa0383245f2dcf9bf02e86b80b36040
  ReactiveSwift: 477d3f5bc2eb3cbbba1c1636505752b83bef93b1
  SDWebImage: 066c47b573f408f18caa467d71deace7c0f8280d
  SDWebImageSwiftUI: dcff3d05fd0579ff280221ae8856c34ac3b67f25
  TZImagePickerController: a013c186415f6044914bb0d0dd960a884cff46ec

PODFILE CHECKSUM: 3b51f4d618831eef885672bb89fa972c56cc66b8

COCOAPODS: 1.15.2
