// !$*UTF8*$!
{
	archiveVersion = 1;
	classes = {
	};
	objectVersion = 56;
	objects = {

/* Begin PBXBuildFile section */
		46209C372C6B129100058334 /* MPPlaylistSectionHeader.m in Sources */ = {isa = PBXBuildFile; fileRef = 46209C362C6B129100058334 /* MPPlaylistSectionHeader.m */; };
		46209C392C6B15B800058334 /* playlist.plist in Resources */ = {isa = PBXBuildFile; fileRef = 46209C382C6B15B800058334 /* playlist.plist */; };
		462574AA2C9314AC00C91CE1 /* ReportManager.m in Sources */ = {isa = PBXBuildFile; fileRef = 462574A92C9314AC00C91CE1 /* ReportManager.m */; };
		463180552C7C5925004D47DE /* MPAuthService.m in Sources */ = {isa = PBXBuildFile; fileRef = 463180542C7C5925004D47DE /* MPAuthService.m */; };
		463180572C7C6F25004D47DE /* AuthKey_9TA7FWK494.p8 in Resources */ = {isa = PBXBuildFile; fileRef = 463180562C7C6F25004D47DE /* AuthKey_9TA7FWK494.p8 */; };
		4631F4762C96F7A600600A28 /* MPPlaylistModel.m in Sources */ = {isa = PBXBuildFile; fileRef = 4631F4752C96F7A600600A28 /* MPPlaylistModel.m */; };
		463CC1542C6DEF2000993ABB /* MPPlayListEditViewController.m in Sources */ = {isa = PBXBuildFile; fileRef = 463CC1532C6DEF2000993ABB /* MPPlayListEditViewController.m */; };
		463CC1582C6E06CC00993ABB /* DNEHUD.m in Sources */ = {isa = PBXBuildFile; fileRef = 463CC1572C6E06CC00993ABB /* DNEHUD.m */; };
		463CC15F2C6E2CBF00993ABB /* MPAliOSSManager.m in Sources */ = {isa = PBXBuildFile; fileRef = 463CC15E2C6E2CBF00993ABB /* MPAliOSSManager.m */; };
		4647F16A2C64EAFA002CCBE3 /* AppDelegate.m in Sources */ = {isa = PBXBuildFile; fileRef = 4647F1692C64EAFA002CCBE3 /* AppDelegate.m */; };
		4647F16D2C64EAFA002CCBE3 /* SceneDelegate.m in Sources */ = {isa = PBXBuildFile; fileRef = 4647F16C2C64EAFA002CCBE3 /* SceneDelegate.m */; };
		4647F1702C64EAFA002CCBE3 /* ViewController.m in Sources */ = {isa = PBXBuildFile; fileRef = 4647F16F2C64EAFA002CCBE3 /* ViewController.m */; };
		4647F1752C64EAFB002CCBE3 /* Assets.xcassets in Resources */ = {isa = PBXBuildFile; fileRef = 4647F1742C64EAFB002CCBE3 /* Assets.xcassets */; };
		4647F1782C64EAFB002CCBE3 /* Base in Resources */ = {isa = PBXBuildFile; fileRef = 4647F1772C64EAFB002CCBE3 /* Base */; };
		4647F17B2C64EAFB002CCBE3 /* main.m in Sources */ = {isa = PBXBuildFile; fileRef = 4647F17A2C64EAFB002CCBE3 /* main.m */; };
		4647F1832C64FE19002CCBE3 /* MPPlayDetailListViewController.m in Sources */ = {isa = PBXBuildFile; fileRef = 4647F1822C64FE19002CCBE3 /* MPPlayDetailListViewController.m */; };
		4647F1862C64FE56002CCBE3 /* MPPlayDetailHeaderView.m in Sources */ = {isa = PBXBuildFile; fileRef = 4647F1852C64FE56002CCBE3 /* MPPlayDetailHeaderView.m */; };
		4647F1892C64FEBD002CCBE3 /* MPPlayDetailListCell.m in Sources */ = {isa = PBXBuildFile; fileRef = 4647F1882C64FEBD002CCBE3 /* MPPlayDetailListCell.m */; };
		464E0E8F2C9044AE00733549 /* MPAboutViewController.m in Sources */ = {isa = PBXBuildFile; fileRef = 464E0E8E2C9044AE00733549 /* MPAboutViewController.m */; };
		464E4B372C69E90C0004AE4C /* MusicKitWrapper.swift in Sources */ = {isa = PBXBuildFile; fileRef = 464E4B362C69E90C0004AE4C /* MusicKitWrapper.swift */; };
		464E4B392C69F7440004AE4C /* songsData_musicapi.plist in Resources */ = {isa = PBXBuildFile; fileRef = 464E4B382C69F7440004AE4C /* songsData_musicapi.plist */; };
		464E4B3C2C6A47A00004AE4C /* MPPlayerViewController.m in Sources */ = {isa = PBXBuildFile; fileRef = 464E4B3B2C6A47A00004AE4C /* MPPlayerViewController.m */; };
		464E4B3F2C6A4A3F0004AE4C /* MPGlobalPlayerManager.m in Sources */ = {isa = PBXBuildFile; fileRef = 464E4B3E2C6A4A3F0004AE4C /* MPGlobalPlayerManager.m */; };
		465124312C79BC16005AB29D /* MPLoginViewController.m in Sources */ = {isa = PBXBuildFile; fileRef = 465124302C79BC16005AB29D /* MPLoginViewController.m */; };
		465124342C79BD23005AB29D /* UIView+TapGesture.m in Sources */ = {isa = PBXBuildFile; fileRef = 465124332C79BD23005AB29D /* UIView+TapGesture.m */; };
		465124372C79C01F005AB29D /* MPUIManager.m in Sources */ = {isa = PBXBuildFile; fileRef = 465124362C79C01F005AB29D /* MPUIManager.m */; };
		46572CA32C66161000EC61CD /* MPMusicPlayer.m in Sources */ = {isa = PBXBuildFile; fileRef = 46572CA22C66161000EC61CD /* MPMusicPlayer.m */; };
		466F1AE62C802ACB00986AA6 /* MPPlaylistService.m in Sources */ = {isa = PBXBuildFile; fileRef = 466F1AE52C802ACB00986AA6 /* MPPlaylistService.m */; };
		466F1AEA2C802BF100986AA6 /* MPNetworkManager.m in Sources */ = {isa = PBXBuildFile; fileRef = 466F1AE92C802BF100986AA6 /* MPNetworkManager.m */; };
		466F1AEF2C80B7A500986AA6 /* UIColor+Hex.m in Sources */ = {isa = PBXBuildFile; fileRef = 466F1AEE2C80B7A500986AA6 /* UIColor+Hex.m */; };
		4690F2ED2C8AEE1A006C7AF6 /* MPUITheme.m in Sources */ = {isa = PBXBuildFile; fileRef = 4690F2EC2C8AEE1A006C7AF6 /* MPUITheme.m */; };
		46922DBD2C886C3F00B073D9 /* MPMusicSearchViewController.m in Sources */ = {isa = PBXBuildFile; fileRef = 46922DBC2C886C3F00B073D9 /* MPMusicSearchViewController.m */; };
		469812A92C7DC422003C0821 /* MPProfileManager.m in Sources */ = {isa = PBXBuildFile; fileRef = 469812A82C7DC422003C0821 /* MPProfileManager.m */; };
		469812AC2C7DC4B2003C0821 /* MPUserProfile.m in Sources */ = {isa = PBXBuildFile; fileRef = 469812AB2C7DC4B2003C0821 /* MPUserProfile.m */; };
		46A4EE9B2C72F3AF0021A3B1 /* MPMusicPlayControl.swift in Sources */ = {isa = PBXBuildFile; fileRef = 46A4EE9A2C72F3AF0021A3B1 /* MPMusicPlayControl.swift */; };
		46A689DD2C671182000A7033 /* MPMusicSearchWrapper.m in Sources */ = {isa = PBXBuildFile; fileRef = 46A689DC2C671182000A7033 /* MPMusicSearchWrapper.m */; };
		46A689E12C6718F0000A7033 /* MPMusicCacheManager.m in Sources */ = {isa = PBXBuildFile; fileRef = 46A689E02C6718F0000A7033 /* MPMusicCacheManager.m */; };
		46A689E32C6719B3000A7033 /* songsData_itunes.plist in Resources */ = {isa = PBXBuildFile; fileRef = 46A689E22C6719B3000A7033 /* songsData_itunes.plist */; };
		46DBEB0C2C6C6427001E5DB8 /* BDLeftMenuView.m in Sources */ = {isa = PBXBuildFile; fileRef = 46DBEB0A2C6C6427001E5DB8 /* BDLeftMenuView.m */; };
		46DBEB0F2C6CE3E3001E5DB8 /* MPPlayerListViewController.m in Sources */ = {isa = PBXBuildFile; fileRef = 46DBEB0E2C6CE3E3001E5DB8 /* MPPlayerListViewController.m */; };
		46DBEB122C6CE7EE001E5DB8 /* NSString+ItunesSongUrl.m in Sources */ = {isa = PBXBuildFile; fileRef = 46DBEB112C6CE7EE001E5DB8 /* NSString+ItunesSongUrl.m */; };
		46E9B9342C91982700919CF6 /* MPProfileEditViewController.m in Sources */ = {isa = PBXBuildFile; fileRef = 46E9B9332C91982700919CF6 /* MPProfileEditViewController.m */; };
		46F909B72C8ED14800A04F62 /* MPPrivacyPolicyViewController.m in Sources */ = {isa = PBXBuildFile; fileRef = 46F909B62C8ED14800A04F62 /* MPPrivacyPolicyViewController.m */; };
		46F909C42C8ED30A00A04F62 /* D9BasicAlertView.m in Sources */ = {isa = PBXBuildFile; fileRef = 46F909B92C8ED30A00A04F62 /* D9BasicAlertView.m */; };
		46F909C52C8ED30A00A04F62 /* D9EULAViewController.m in Sources */ = {isa = PBXBuildFile; fileRef = 46F909BB2C8ED30A00A04F62 /* D9EULAViewController.m */; };
		46F909C62C8ED30A00A04F62 /* D9ReportAlert.m in Sources */ = {isa = PBXBuildFile; fileRef = 46F909BD2C8ED30A00A04F62 /* D9ReportAlert.m */; };
		46F909C72C8ED30A00A04F62 /* D9UserAgreementAlert.m in Sources */ = {isa = PBXBuildFile; fileRef = 46F909BF2C8ED30A00A04F62 /* D9UserAgreementAlert.m */; };
		46F909C82C8ED30A00A04F62 /* eula.txt in Resources */ = {isa = PBXBuildFile; fileRef = 46F909C02C8ED30A00A04F62 /* eula.txt */; };
		46F909C92C8ED30A00A04F62 /* UITextView+Link.m in Sources */ = {isa = PBXBuildFile; fileRef = 46F909C22C8ED30A00A04F62 /* UITextView+Link.m */; };
		46F909CC2C8EDFC700A04F62 /* UIButton+BgImg.m in Sources */ = {isa = PBXBuildFile; fileRef = 46F909CB2C8EDFC700A04F62 /* UIButton+BgImg.m */; };
		46F909D02C8EEDEB00A04F62 /* MPWebViewController.m in Sources */ = {isa = PBXBuildFile; fileRef = 46F909CF2C8EEDEB00A04F62 /* MPWebViewController.m */; };
		90031A3BB2E56525906FB387 /* Pods_MusicPlay.framework in Frameworks */ = {isa = PBXBuildFile; fileRef = D3ABBED335AE6373622AA26B /* Pods_MusicPlay.framework */; };
/* End PBXBuildFile section */

/* Begin PBXFileReference section */
		46209C352C6B129100058334 /* MPPlaylistSectionHeader.h */ = {isa = PBXFileReference; lastKnownFileType = sourcecode.c.h; path = MPPlaylistSectionHeader.h; sourceTree = "<group>"; };
		46209C362C6B129100058334 /* MPPlaylistSectionHeader.m */ = {isa = PBXFileReference; lastKnownFileType = sourcecode.c.objc; path = MPPlaylistSectionHeader.m; sourceTree = "<group>"; };
		46209C382C6B15B800058334 /* playlist.plist */ = {isa = PBXFileReference; lastKnownFileType = text.plist.xml; path = playlist.plist; sourceTree = "<group>"; };
		462574A82C9314AC00C91CE1 /* ReportManager.h */ = {isa = PBXFileReference; lastKnownFileType = sourcecode.c.h; path = ReportManager.h; sourceTree = "<group>"; };
		462574A92C9314AC00C91CE1 /* ReportManager.m */ = {isa = PBXFileReference; lastKnownFileType = sourcecode.c.objc; path = ReportManager.m; sourceTree = "<group>"; };
		463180532C7C5925004D47DE /* MPAuthService.h */ = {isa = PBXFileReference; lastKnownFileType = sourcecode.c.h; path = MPAuthService.h; sourceTree = "<group>"; };
		463180542C7C5925004D47DE /* MPAuthService.m */ = {isa = PBXFileReference; lastKnownFileType = sourcecode.c.objc; path = MPAuthService.m; sourceTree = "<group>"; };
		463180562C7C6F25004D47DE /* AuthKey_9TA7FWK494.p8 */ = {isa = PBXFileReference; fileEncoding = 4; lastKnownFileType = text; path = AuthKey_9TA7FWK494.p8; sourceTree = "<group>"; };
		4631F4742C96F7A600600A28 /* MPPlaylistModel.h */ = {isa = PBXFileReference; lastKnownFileType = sourcecode.c.h; path = MPPlaylistModel.h; sourceTree = "<group>"; };
		4631F4752C96F7A600600A28 /* MPPlaylistModel.m */ = {isa = PBXFileReference; lastKnownFileType = sourcecode.c.objc; path = MPPlaylistModel.m; sourceTree = "<group>"; };
		463CC1522C6DEF2000993ABB /* MPPlayListEditViewController.h */ = {isa = PBXFileReference; lastKnownFileType = sourcecode.c.h; path = MPPlayListEditViewController.h; sourceTree = "<group>"; };
		463CC1532C6DEF2000993ABB /* MPPlayListEditViewController.m */ = {isa = PBXFileReference; lastKnownFileType = sourcecode.c.objc; path = MPPlayListEditViewController.m; sourceTree = "<group>"; };
		463CC1562C6E06CC00993ABB /* DNEHUD.h */ = {isa = PBXFileReference; fileEncoding = 4; lastKnownFileType = sourcecode.c.h; path = DNEHUD.h; sourceTree = "<group>"; };
		463CC1572C6E06CC00993ABB /* DNEHUD.m */ = {isa = PBXFileReference; fileEncoding = 4; lastKnownFileType = sourcecode.c.objc; path = DNEHUD.m; sourceTree = "<group>"; };
		463CC15D2C6E2CBF00993ABB /* MPAliOSSManager.h */ = {isa = PBXFileReference; fileEncoding = 4; lastKnownFileType = sourcecode.c.h; path = MPAliOSSManager.h; sourceTree = "<group>"; };
		463CC15E2C6E2CBF00993ABB /* MPAliOSSManager.m */ = {isa = PBXFileReference; fileEncoding = 4; lastKnownFileType = sourcecode.c.objc; path = MPAliOSSManager.m; sourceTree = "<group>"; };
		4647F1652C64EAFA002CCBE3 /* MusicPlay.app */ = {isa = PBXFileReference; explicitFileType = wrapper.application; includeInIndex = 0; path = MusicPlay.app; sourceTree = BUILT_PRODUCTS_DIR; };
		4647F1682C64EAFA002CCBE3 /* AppDelegate.h */ = {isa = PBXFileReference; lastKnownFileType = sourcecode.c.h; path = AppDelegate.h; sourceTree = "<group>"; };
		4647F1692C64EAFA002CCBE3 /* AppDelegate.m */ = {isa = PBXFileReference; lastKnownFileType = sourcecode.c.objc; path = AppDelegate.m; sourceTree = "<group>"; };
		4647F16B2C64EAFA002CCBE3 /* SceneDelegate.h */ = {isa = PBXFileReference; lastKnownFileType = sourcecode.c.h; path = SceneDelegate.h; sourceTree = "<group>"; };
		4647F16C2C64EAFA002CCBE3 /* SceneDelegate.m */ = {isa = PBXFileReference; lastKnownFileType = sourcecode.c.objc; path = SceneDelegate.m; sourceTree = "<group>"; };
		4647F16E2C64EAFA002CCBE3 /* ViewController.h */ = {isa = PBXFileReference; lastKnownFileType = sourcecode.c.h; path = ViewController.h; sourceTree = "<group>"; };
		4647F16F2C64EAFA002CCBE3 /* ViewController.m */ = {isa = PBXFileReference; lastKnownFileType = sourcecode.c.objc; path = ViewController.m; sourceTree = "<group>"; };
		4647F1742C64EAFB002CCBE3 /* Assets.xcassets */ = {isa = PBXFileReference; lastKnownFileType = folder.assetcatalog; path = Assets.xcassets; sourceTree = "<group>"; };
		4647F1772C64EAFB002CCBE3 /* Base */ = {isa = PBXFileReference; lastKnownFileType = file.storyboard; name = Base; path = Base.lproj/LaunchScreen.storyboard; sourceTree = "<group>"; };
		4647F1792C64EAFB002CCBE3 /* Info.plist */ = {isa = PBXFileReference; lastKnownFileType = text.plist.xml; path = Info.plist; sourceTree = "<group>"; };
		4647F17A2C64EAFB002CCBE3 /* main.m */ = {isa = PBXFileReference; lastKnownFileType = sourcecode.c.objc; path = main.m; sourceTree = "<group>"; };
		4647F1812C64FE19002CCBE3 /* MPPlayDetailListViewController.h */ = {isa = PBXFileReference; lastKnownFileType = sourcecode.c.h; path = MPPlayDetailListViewController.h; sourceTree = "<group>"; };
		4647F1822C64FE19002CCBE3 /* MPPlayDetailListViewController.m */ = {isa = PBXFileReference; lastKnownFileType = sourcecode.c.objc; path = MPPlayDetailListViewController.m; sourceTree = "<group>"; };
		4647F1842C64FE56002CCBE3 /* MPPlayDetailHeaderView.h */ = {isa = PBXFileReference; lastKnownFileType = sourcecode.c.h; path = MPPlayDetailHeaderView.h; sourceTree = "<group>"; };
		4647F1852C64FE56002CCBE3 /* MPPlayDetailHeaderView.m */ = {isa = PBXFileReference; lastKnownFileType = sourcecode.c.objc; path = MPPlayDetailHeaderView.m; sourceTree = "<group>"; };
		4647F1872C64FEBD002CCBE3 /* MPPlayDetailListCell.h */ = {isa = PBXFileReference; lastKnownFileType = sourcecode.c.h; path = MPPlayDetailListCell.h; sourceTree = "<group>"; };
		4647F1882C64FEBD002CCBE3 /* MPPlayDetailListCell.m */ = {isa = PBXFileReference; lastKnownFileType = sourcecode.c.objc; path = MPPlayDetailListCell.m; sourceTree = "<group>"; };
		464E0E8D2C9044AE00733549 /* MPAboutViewController.h */ = {isa = PBXFileReference; lastKnownFileType = sourcecode.c.h; path = MPAboutViewController.h; sourceTree = "<group>"; };
		464E0E8E2C9044AE00733549 /* MPAboutViewController.m */ = {isa = PBXFileReference; lastKnownFileType = sourcecode.c.objc; path = MPAboutViewController.m; sourceTree = "<group>"; };
		464E4B352C69E90B0004AE4C /* MusicPlay-Bridging-Header.h */ = {isa = PBXFileReference; lastKnownFileType = sourcecode.c.h; path = "MusicPlay-Bridging-Header.h"; sourceTree = "<group>"; };
		464E4B362C69E90C0004AE4C /* MusicKitWrapper.swift */ = {isa = PBXFileReference; lastKnownFileType = sourcecode.swift; path = MusicKitWrapper.swift; sourceTree = "<group>"; };
		464E4B382C69F7440004AE4C /* songsData_musicapi.plist */ = {isa = PBXFileReference; fileEncoding = 4; lastKnownFileType = text.plist.xml; path = songsData_musicapi.plist; sourceTree = "<group>"; };
		464E4B3A2C6A47A00004AE4C /* MPPlayerViewController.h */ = {isa = PBXFileReference; lastKnownFileType = sourcecode.c.h; path = MPPlayerViewController.h; sourceTree = "<group>"; };
		464E4B3B2C6A47A00004AE4C /* MPPlayerViewController.m */ = {isa = PBXFileReference; lastKnownFileType = sourcecode.c.objc; path = MPPlayerViewController.m; sourceTree = "<group>"; };
		464E4B3D2C6A4A3F0004AE4C /* MPGlobalPlayerManager.h */ = {isa = PBXFileReference; lastKnownFileType = sourcecode.c.h; path = MPGlobalPlayerManager.h; sourceTree = "<group>"; };
		464E4B3E2C6A4A3F0004AE4C /* MPGlobalPlayerManager.m */ = {isa = PBXFileReference; lastKnownFileType = sourcecode.c.objc; path = MPGlobalPlayerManager.m; sourceTree = "<group>"; };
		4651242F2C79BC16005AB29D /* MPLoginViewController.h */ = {isa = PBXFileReference; lastKnownFileType = sourcecode.c.h; path = MPLoginViewController.h; sourceTree = "<group>"; };
		465124302C79BC16005AB29D /* MPLoginViewController.m */ = {isa = PBXFileReference; lastKnownFileType = sourcecode.c.objc; path = MPLoginViewController.m; sourceTree = "<group>"; };
		465124322C79BD23005AB29D /* UIView+TapGesture.h */ = {isa = PBXFileReference; lastKnownFileType = sourcecode.c.h; path = "UIView+TapGesture.h"; sourceTree = "<group>"; };
		465124332C79BD23005AB29D /* UIView+TapGesture.m */ = {isa = PBXFileReference; lastKnownFileType = sourcecode.c.objc; path = "UIView+TapGesture.m"; sourceTree = "<group>"; };
		465124352C79C01F005AB29D /* MPUIManager.h */ = {isa = PBXFileReference; lastKnownFileType = sourcecode.c.h; path = MPUIManager.h; sourceTree = "<group>"; };
		465124362C79C01F005AB29D /* MPUIManager.m */ = {isa = PBXFileReference; lastKnownFileType = sourcecode.c.objc; path = MPUIManager.m; sourceTree = "<group>"; };
		465124382C79C417005AB29D /* MusicPlay.entitlements */ = {isa = PBXFileReference; lastKnownFileType = text.plist.entitlements; path = MusicPlay.entitlements; sourceTree = "<group>"; };
		46572CA12C66161000EC61CD /* MPMusicPlayer.h */ = {isa = PBXFileReference; lastKnownFileType = sourcecode.c.h; path = MPMusicPlayer.h; sourceTree = "<group>"; };
		46572CA22C66161000EC61CD /* MPMusicPlayer.m */ = {isa = PBXFileReference; lastKnownFileType = sourcecode.c.objc; path = MPMusicPlayer.m; sourceTree = "<group>"; };
		466F1AE42C802ACB00986AA6 /* MPPlaylistService.h */ = {isa = PBXFileReference; lastKnownFileType = sourcecode.c.h; path = MPPlaylistService.h; sourceTree = "<group>"; };
		466F1AE52C802ACB00986AA6 /* MPPlaylistService.m */ = {isa = PBXFileReference; lastKnownFileType = sourcecode.c.objc; path = MPPlaylistService.m; sourceTree = "<group>"; };
		466F1AE82C802BF100986AA6 /* MPNetworkManager.h */ = {isa = PBXFileReference; lastKnownFileType = sourcecode.c.h; path = MPNetworkManager.h; sourceTree = "<group>"; };
		466F1AE92C802BF100986AA6 /* MPNetworkManager.m */ = {isa = PBXFileReference; lastKnownFileType = sourcecode.c.objc; path = MPNetworkManager.m; sourceTree = "<group>"; };
		466F1AEC2C80B67200986AA6 /* PrefixHeader.pch */ = {isa = PBXFileReference; lastKnownFileType = sourcecode.c.h; path = PrefixHeader.pch; sourceTree = "<group>"; };
		466F1AED2C80B7A500986AA6 /* UIColor+Hex.h */ = {isa = PBXFileReference; lastKnownFileType = sourcecode.c.h; path = "UIColor+Hex.h"; sourceTree = "<group>"; };
		466F1AEE2C80B7A500986AA6 /* UIColor+Hex.m */ = {isa = PBXFileReference; lastKnownFileType = sourcecode.c.objc; path = "UIColor+Hex.m"; sourceTree = "<group>"; };
		4690F2EB2C8AEE1A006C7AF6 /* MPUITheme.h */ = {isa = PBXFileReference; lastKnownFileType = sourcecode.c.h; path = MPUITheme.h; sourceTree = "<group>"; };
		4690F2EC2C8AEE1A006C7AF6 /* MPUITheme.m */ = {isa = PBXFileReference; lastKnownFileType = sourcecode.c.objc; path = MPUITheme.m; sourceTree = "<group>"; };
		46922DBB2C886C3F00B073D9 /* MPMusicSearchViewController.h */ = {isa = PBXFileReference; lastKnownFileType = sourcecode.c.h; path = MPMusicSearchViewController.h; sourceTree = "<group>"; };
		46922DBC2C886C3F00B073D9 /* MPMusicSearchViewController.m */ = {isa = PBXFileReference; lastKnownFileType = sourcecode.c.objc; path = MPMusicSearchViewController.m; sourceTree = "<group>"; };
		469812A72C7DC422003C0821 /* MPProfileManager.h */ = {isa = PBXFileReference; lastKnownFileType = sourcecode.c.h; path = MPProfileManager.h; sourceTree = "<group>"; };
		469812A82C7DC422003C0821 /* MPProfileManager.m */ = {isa = PBXFileReference; lastKnownFileType = sourcecode.c.objc; path = MPProfileManager.m; sourceTree = "<group>"; };
		469812AA2C7DC4B2003C0821 /* MPUserProfile.h */ = {isa = PBXFileReference; lastKnownFileType = sourcecode.c.h; path = MPUserProfile.h; sourceTree = "<group>"; };
		469812AB2C7DC4B2003C0821 /* MPUserProfile.m */ = {isa = PBXFileReference; lastKnownFileType = sourcecode.c.objc; path = MPUserProfile.m; sourceTree = "<group>"; };
		46A4EE9A2C72F3AF0021A3B1 /* MPMusicPlayControl.swift */ = {isa = PBXFileReference; lastKnownFileType = sourcecode.swift; path = MPMusicPlayControl.swift; sourceTree = "<group>"; };
		46A689DB2C671182000A7033 /* MPMusicSearchWrapper.h */ = {isa = PBXFileReference; lastKnownFileType = sourcecode.c.h; path = MPMusicSearchWrapper.h; sourceTree = "<group>"; };
		46A689DC2C671182000A7033 /* MPMusicSearchWrapper.m */ = {isa = PBXFileReference; lastKnownFileType = sourcecode.c.objc; path = MPMusicSearchWrapper.m; sourceTree = "<group>"; };
		46A689DF2C6718F0000A7033 /* MPMusicCacheManager.h */ = {isa = PBXFileReference; lastKnownFileType = sourcecode.c.h; path = MPMusicCacheManager.h; sourceTree = "<group>"; };
		46A689E02C6718F0000A7033 /* MPMusicCacheManager.m */ = {isa = PBXFileReference; lastKnownFileType = sourcecode.c.objc; path = MPMusicCacheManager.m; sourceTree = "<group>"; };
		46A689E22C6719B3000A7033 /* songsData_itunes.plist */ = {isa = PBXFileReference; fileEncoding = 4; lastKnownFileType = text.plist.xml; path = songsData_itunes.plist; sourceTree = "<group>"; };
		46DBEB092C6C6427001E5DB8 /* BDLeftMenuView.h */ = {isa = PBXFileReference; fileEncoding = 4; lastKnownFileType = sourcecode.c.h; path = BDLeftMenuView.h; sourceTree = "<group>"; };
		46DBEB0A2C6C6427001E5DB8 /* BDLeftMenuView.m */ = {isa = PBXFileReference; fileEncoding = 4; lastKnownFileType = sourcecode.c.objc; path = BDLeftMenuView.m; sourceTree = "<group>"; };
		46DBEB0D2C6CE3E3001E5DB8 /* MPPlayerListViewController.h */ = {isa = PBXFileReference; lastKnownFileType = sourcecode.c.h; path = MPPlayerListViewController.h; sourceTree = "<group>"; };
		46DBEB0E2C6CE3E3001E5DB8 /* MPPlayerListViewController.m */ = {isa = PBXFileReference; lastKnownFileType = sourcecode.c.objc; path = MPPlayerListViewController.m; sourceTree = "<group>"; };
		46DBEB102C6CE7EE001E5DB8 /* NSString+ItunesSongUrl.h */ = {isa = PBXFileReference; lastKnownFileType = sourcecode.c.h; path = "NSString+ItunesSongUrl.h"; sourceTree = "<group>"; };
		46DBEB112C6CE7EE001E5DB8 /* NSString+ItunesSongUrl.m */ = {isa = PBXFileReference; lastKnownFileType = sourcecode.c.objc; path = "NSString+ItunesSongUrl.m"; sourceTree = "<group>"; };
		46E9B9322C91982700919CF6 /* MPProfileEditViewController.h */ = {isa = PBXFileReference; lastKnownFileType = sourcecode.c.h; path = MPProfileEditViewController.h; sourceTree = "<group>"; };
		46E9B9332C91982700919CF6 /* MPProfileEditViewController.m */ = {isa = PBXFileReference; lastKnownFileType = sourcecode.c.objc; path = MPProfileEditViewController.m; sourceTree = "<group>"; };
		46F909B52C8ED14800A04F62 /* MPPrivacyPolicyViewController.h */ = {isa = PBXFileReference; lastKnownFileType = sourcecode.c.h; path = MPPrivacyPolicyViewController.h; sourceTree = "<group>"; };
		46F909B62C8ED14800A04F62 /* MPPrivacyPolicyViewController.m */ = {isa = PBXFileReference; lastKnownFileType = sourcecode.c.objc; path = MPPrivacyPolicyViewController.m; sourceTree = "<group>"; };
		46F909B82C8ED30A00A04F62 /* D9BasicAlertView.h */ = {isa = PBXFileReference; fileEncoding = 4; lastKnownFileType = sourcecode.c.h; path = D9BasicAlertView.h; sourceTree = "<group>"; };
		46F909B92C8ED30A00A04F62 /* D9BasicAlertView.m */ = {isa = PBXFileReference; fileEncoding = 4; lastKnownFileType = sourcecode.c.objc; path = D9BasicAlertView.m; sourceTree = "<group>"; };
		46F909BA2C8ED30A00A04F62 /* D9EULAViewController.h */ = {isa = PBXFileReference; fileEncoding = 4; lastKnownFileType = sourcecode.c.h; path = D9EULAViewController.h; sourceTree = "<group>"; };
		46F909BB2C8ED30A00A04F62 /* D9EULAViewController.m */ = {isa = PBXFileReference; fileEncoding = 4; lastKnownFileType = sourcecode.c.objc; path = D9EULAViewController.m; sourceTree = "<group>"; };
		46F909BC2C8ED30A00A04F62 /* D9ReportAlert.h */ = {isa = PBXFileReference; fileEncoding = 4; lastKnownFileType = sourcecode.c.h; path = D9ReportAlert.h; sourceTree = "<group>"; };
		46F909BD2C8ED30A00A04F62 /* D9ReportAlert.m */ = {isa = PBXFileReference; fileEncoding = 4; lastKnownFileType = sourcecode.c.objc; path = D9ReportAlert.m; sourceTree = "<group>"; };
		46F909BE2C8ED30A00A04F62 /* D9UserAgreementAlert.h */ = {isa = PBXFileReference; fileEncoding = 4; lastKnownFileType = sourcecode.c.h; path = D9UserAgreementAlert.h; sourceTree = "<group>"; };
		46F909BF2C8ED30A00A04F62 /* D9UserAgreementAlert.m */ = {isa = PBXFileReference; fileEncoding = 4; lastKnownFileType = sourcecode.c.objc; path = D9UserAgreementAlert.m; sourceTree = "<group>"; };
		46F909C02C8ED30A00A04F62 /* eula.txt */ = {isa = PBXFileReference; fileEncoding = 4; lastKnownFileType = text; path = eula.txt; sourceTree = "<group>"; };
		46F909C12C8ED30A00A04F62 /* UITextView+Link.h */ = {isa = PBXFileReference; fileEncoding = 4; lastKnownFileType = sourcecode.c.h; path = "UITextView+Link.h"; sourceTree = "<group>"; };
		46F909C22C8ED30A00A04F62 /* UITextView+Link.m */ = {isa = PBXFileReference; fileEncoding = 4; lastKnownFileType = sourcecode.c.objc; path = "UITextView+Link.m"; sourceTree = "<group>"; };
		46F909CA2C8EDFC700A04F62 /* UIButton+BgImg.h */ = {isa = PBXFileReference; lastKnownFileType = sourcecode.c.h; path = "UIButton+BgImg.h"; sourceTree = "<group>"; };
		46F909CB2C8EDFC700A04F62 /* UIButton+BgImg.m */ = {isa = PBXFileReference; lastKnownFileType = sourcecode.c.objc; path = "UIButton+BgImg.m"; sourceTree = "<group>"; };
		46F909CE2C8EEDEB00A04F62 /* MPWebViewController.h */ = {isa = PBXFileReference; lastKnownFileType = sourcecode.c.h; path = MPWebViewController.h; sourceTree = "<group>"; };
		46F909CF2C8EEDEB00A04F62 /* MPWebViewController.m */ = {isa = PBXFileReference; lastKnownFileType = sourcecode.c.objc; path = MPWebViewController.m; sourceTree = "<group>"; };
		9F786120480E9D708B0201F0 /* Pods-MusicPlay.debug.xcconfig */ = {isa = PBXFileReference; includeInIndex = 1; lastKnownFileType = text.xcconfig; name = "Pods-MusicPlay.debug.xcconfig"; path = "Target Support Files/Pods-MusicPlay/Pods-MusicPlay.debug.xcconfig"; sourceTree = "<group>"; };
		D3ABBED335AE6373622AA26B /* Pods_MusicPlay.framework */ = {isa = PBXFileReference; explicitFileType = wrapper.framework; includeInIndex = 0; path = Pods_MusicPlay.framework; sourceTree = BUILT_PRODUCTS_DIR; };
		F430961907A8E09746238513 /* Pods-MusicPlay.release.xcconfig */ = {isa = PBXFileReference; includeInIndex = 1; lastKnownFileType = text.xcconfig; name = "Pods-MusicPlay.release.xcconfig"; path = "Target Support Files/Pods-MusicPlay/Pods-MusicPlay.release.xcconfig"; sourceTree = "<group>"; };
/* End PBXFileReference section */

/* Begin PBXFrameworksBuildPhase section */
		4647F1622C64EAFA002CCBE3 /* Frameworks */ = {
			isa = PBXFrameworksBuildPhase;
			buildActionMask = 2147483647;
			files = (
				90031A3BB2E56525906FB387 /* Pods_MusicPlay.framework in Frameworks */,
			);
			runOnlyForDeploymentPostprocessing = 0;
		};
/* End PBXFrameworksBuildPhase section */

/* Begin PBXGroup section */
		29EAB7C6ADBA230CBD55869F /* Frameworks */ = {
			isa = PBXGroup;
			children = (
				D3ABBED335AE6373622AA26B /* Pods_MusicPlay.framework */,
			);
			name = Frameworks;
			sourceTree = "<group>";
		};
		46209C342C6B126A00058334 /* Playlist */ = {
			isa = PBXGroup;
			children = (
				4647F16E2C64EAFA002CCBE3 /* ViewController.h */,
				4647F16F2C64EAFA002CCBE3 /* ViewController.m */,
				4647F1812C64FE19002CCBE3 /* MPPlayDetailListViewController.h */,
				4647F1822C64FE19002CCBE3 /* MPPlayDetailListViewController.m */,
				4647F1842C64FE56002CCBE3 /* MPPlayDetailHeaderView.h */,
				4647F1852C64FE56002CCBE3 /* MPPlayDetailHeaderView.m */,
				4647F1872C64FEBD002CCBE3 /* MPPlayDetailListCell.h */,
				4647F1882C64FEBD002CCBE3 /* MPPlayDetailListCell.m */,
				46209C352C6B129100058334 /* MPPlaylistSectionHeader.h */,
				46209C362C6B129100058334 /* MPPlaylistSectionHeader.m */,
				466F1AE42C802ACB00986AA6 /* MPPlaylistService.h */,
				466F1AE52C802ACB00986AA6 /* MPPlaylistService.m */,
			);
			path = Playlist;
			sourceTree = "<group>";
		};
		462574A72C93146000C91CE1 /* Report */ = {
			isa = PBXGroup;
			children = (
				46F909BC2C8ED30A00A04F62 /* D9ReportAlert.h */,
				46F909BD2C8ED30A00A04F62 /* D9ReportAlert.m */,
				462574A82C9314AC00C91CE1 /* ReportManager.h */,
				462574A92C9314AC00C91CE1 /* ReportManager.m */,
			);
			path = Report;
			sourceTree = "<group>";
		};
		463CC1512C6DEEEC00993ABB /* Edit */ = {
			isa = PBXGroup;
			children = (
				463CC1522C6DEF2000993ABB /* MPPlayListEditViewController.h */,
				463CC1532C6DEF2000993ABB /* MPPlayListEditViewController.m */,
				4631F4742C96F7A600600A28 /* MPPlaylistModel.h */,
				4631F4752C96F7A600600A28 /* MPPlaylistModel.m */,
			);
			path = Edit;
			sourceTree = "<group>";
		};
		463CC1552C6E06C200993ABB /* CommonUI */ = {
			isa = PBXGroup;
			children = (
				46F909CD2C8EEDD700A04F62 /* Web */,
				46DBEB102C6CE7EE001E5DB8 /* NSString+ItunesSongUrl.h */,
				46DBEB112C6CE7EE001E5DB8 /* NSString+ItunesSongUrl.m */,
				465124352C79C01F005AB29D /* MPUIManager.h */,
				465124362C79C01F005AB29D /* MPUIManager.m */,
				463CC1562C6E06CC00993ABB /* DNEHUD.h */,
				463CC1572C6E06CC00993ABB /* DNEHUD.m */,
				465124322C79BD23005AB29D /* UIView+TapGesture.h */,
				465124332C79BD23005AB29D /* UIView+TapGesture.m */,
				466F1AED2C80B7A500986AA6 /* UIColor+Hex.h */,
				466F1AEE2C80B7A500986AA6 /* UIColor+Hex.m */,
				4690F2EB2C8AEE1A006C7AF6 /* MPUITheme.h */,
				4690F2EC2C8AEE1A006C7AF6 /* MPUITheme.m */,
				46F909CA2C8EDFC700A04F62 /* UIButton+BgImg.h */,
				46F909CB2C8EDFC700A04F62 /* UIButton+BgImg.m */,
			);
			path = CommonUI;
			sourceTree = "<group>";
		};
		463CC15C2C6E2CB300993ABB /* OSS */ = {
			isa = PBXGroup;
			children = (
				463CC15D2C6E2CBF00993ABB /* MPAliOSSManager.h */,
				463CC15E2C6E2CBF00993ABB /* MPAliOSSManager.m */,
			);
			path = OSS;
			sourceTree = "<group>";
		};
		4647F15C2C64EAFA002CCBE3 = {
			isa = PBXGroup;
			children = (
				4647F1672C64EAFA002CCBE3 /* MusicPlay */,
				4647F1662C64EAFA002CCBE3 /* Products */,
				E05E721C897E374A74F692A2 /* Pods */,
				29EAB7C6ADBA230CBD55869F /* Frameworks */,
			);
			sourceTree = "<group>";
		};
		4647F1662C64EAFA002CCBE3 /* Products */ = {
			isa = PBXGroup;
			children = (
				4647F1652C64EAFA002CCBE3 /* MusicPlay.app */,
			);
			name = Products;
			sourceTree = "<group>";
		};
		4647F1672C64EAFA002CCBE3 /* MusicPlay */ = {
			isa = PBXGroup;
			children = (
				46F909B42C8ED13300A04F62 /* Other */,
				4647F1792C64EAFB002CCBE3 /* Info.plist */,
				466F1AEB2C80B61000986AA6 /* Application */,
				465124382C79C417005AB29D /* MusicPlay.entitlements */,
				4651242E2C79BC03005AB29D /* Auth */,
				463CC1552C6E06C200993ABB /* CommonUI */,
				463CC1512C6DEEEC00993ABB /* Edit */,
				46B55BC82C6DDBE1006241D9 /* Service */,
				46DBEB0B2C6C6427001E5DB8 /* LeftMenu */,
				46209C342C6B126A00058334 /* Playlist */,
				464E4B382C69F7440004AE4C /* songsData_musicapi.plist */,
				46A689E22C6719B3000A7033 /* songsData_itunes.plist */,
				46A689DE2C6718D3000A7033 /* Cache */,
				46A689DA2C671172000A7033 /* Search */,
				46572CA02C6615F300EC61CD /* Player */,
				4647F1682C64EAFA002CCBE3 /* AppDelegate.h */,
				4647F1692C64EAFA002CCBE3 /* AppDelegate.m */,
				4647F16B2C64EAFA002CCBE3 /* SceneDelegate.h */,
				4647F16C2C64EAFA002CCBE3 /* SceneDelegate.m */,
				464E4B362C69E90C0004AE4C /* MusicKitWrapper.swift */,
				464E4B352C69E90B0004AE4C /* MusicPlay-Bridging-Header.h */,
				46209C382C6B15B800058334 /* playlist.plist */,
			);
			path = MusicPlay;
			sourceTree = "<group>";
		};
		464E0E8C2C90449400733549 /* About */ = {
			isa = PBXGroup;
			children = (
				464E0E8D2C9044AE00733549 /* MPAboutViewController.h */,
				464E0E8E2C9044AE00733549 /* MPAboutViewController.m */,
			);
			path = About;
			sourceTree = "<group>";
		};
		4651242E2C79BC03005AB29D /* Auth */ = {
			isa = PBXGroup;
			children = (
				4651242F2C79BC16005AB29D /* MPLoginViewController.h */,
				465124302C79BC16005AB29D /* MPLoginViewController.m */,
				463180532C7C5925004D47DE /* MPAuthService.h */,
				463180542C7C5925004D47DE /* MPAuthService.m */,
				463180562C7C6F25004D47DE /* AuthKey_9TA7FWK494.p8 */,
				469812A72C7DC422003C0821 /* MPProfileManager.h */,
				469812A82C7DC422003C0821 /* MPProfileManager.m */,
				469812AA2C7DC4B2003C0821 /* MPUserProfile.h */,
				469812AB2C7DC4B2003C0821 /* MPUserProfile.m */,
				46E9B9322C91982700919CF6 /* MPProfileEditViewController.h */,
				46E9B9332C91982700919CF6 /* MPProfileEditViewController.m */,
			);
			path = Auth;
			sourceTree = "<group>";
		};
		46572CA02C6615F300EC61CD /* Player */ = {
			isa = PBXGroup;
			children = (
				46572CA12C66161000EC61CD /* MPMusicPlayer.h */,
				46572CA22C66161000EC61CD /* MPMusicPlayer.m */,
				464E4B3A2C6A47A00004AE4C /* MPPlayerViewController.h */,
				464E4B3B2C6A47A00004AE4C /* MPPlayerViewController.m */,
				464E4B3D2C6A4A3F0004AE4C /* MPGlobalPlayerManager.h */,
				464E4B3E2C6A4A3F0004AE4C /* MPGlobalPlayerManager.m */,
				46DBEB0D2C6CE3E3001E5DB8 /* MPPlayerListViewController.h */,
				46DBEB0E2C6CE3E3001E5DB8 /* MPPlayerListViewController.m */,
				46A4EE9A2C72F3AF0021A3B1 /* MPMusicPlayControl.swift */,
			);
			path = Player;
			sourceTree = "<group>";
		};
		466F1AE72C802BB300986AA6 /* Network */ = {
			isa = PBXGroup;
			children = (
				466F1AE82C802BF100986AA6 /* MPNetworkManager.h */,
				466F1AE92C802BF100986AA6 /* MPNetworkManager.m */,
			);
			path = Network;
			sourceTree = "<group>";
		};
		466F1AEB2C80B61000986AA6 /* Application */ = {
			isa = PBXGroup;
			children = (
				4647F1742C64EAFB002CCBE3 /* Assets.xcassets */,
				4647F1762C64EAFB002CCBE3 /* LaunchScreen.storyboard */,
				4647F17A2C64EAFB002CCBE3 /* main.m */,
				466F1AEC2C80B67200986AA6 /* PrefixHeader.pch */,
			);
			path = Application;
			sourceTree = "<group>";
		};
		46A689DA2C671172000A7033 /* Search */ = {
			isa = PBXGroup;
			children = (
				46922DBB2C886C3F00B073D9 /* MPMusicSearchViewController.h */,
				46922DBC2C886C3F00B073D9 /* MPMusicSearchViewController.m */,
				46A689DB2C671182000A7033 /* MPMusicSearchWrapper.h */,
				46A689DC2C671182000A7033 /* MPMusicSearchWrapper.m */,
			);
			path = Search;
			sourceTree = "<group>";
		};
		46A689DE2C6718D3000A7033 /* Cache */ = {
			isa = PBXGroup;
			children = (
				46A689DF2C6718F0000A7033 /* MPMusicCacheManager.h */,
				46A689E02C6718F0000A7033 /* MPMusicCacheManager.m */,
			);
			path = Cache;
			sourceTree = "<group>";
		};
		46B55BC82C6DDBE1006241D9 /* Service */ = {
			isa = PBXGroup;
			children = (
				466F1AE72C802BB300986AA6 /* Network */,
				463CC15C2C6E2CB300993ABB /* OSS */,
			);
			path = Service;
			sourceTree = "<group>";
		};
		46DBEB0B2C6C6427001E5DB8 /* LeftMenu */ = {
			isa = PBXGroup;
			children = (
				46DBEB092C6C6427001E5DB8 /* BDLeftMenuView.h */,
				46DBEB0A2C6C6427001E5DB8 /* BDLeftMenuView.m */,
			);
			path = LeftMenu;
			sourceTree = "<group>";
		};
		46F909B42C8ED13300A04F62 /* Other */ = {
			isa = PBXGroup;
			children = (
				462574A72C93146000C91CE1 /* Report */,
				464E0E8C2C90449400733549 /* About */,
				46F909C32C8ED30A00A04F62 /* EULA */,
				46F909B52C8ED14800A04F62 /* MPPrivacyPolicyViewController.h */,
				46F909B62C8ED14800A04F62 /* MPPrivacyPolicyViewController.m */,
			);
			path = Other;
			sourceTree = "<group>";
		};
		46F909C32C8ED30A00A04F62 /* EULA */ = {
			isa = PBXGroup;
			children = (
				46F909B82C8ED30A00A04F62 /* D9BasicAlertView.h */,
				46F909B92C8ED30A00A04F62 /* D9BasicAlertView.m */,
				46F909BA2C8ED30A00A04F62 /* D9EULAViewController.h */,
				46F909BB2C8ED30A00A04F62 /* D9EULAViewController.m */,
				46F909BE2C8ED30A00A04F62 /* D9UserAgreementAlert.h */,
				46F909BF2C8ED30A00A04F62 /* D9UserAgreementAlert.m */,
				46F909C02C8ED30A00A04F62 /* eula.txt */,
				46F909C12C8ED30A00A04F62 /* UITextView+Link.h */,
				46F909C22C8ED30A00A04F62 /* UITextView+Link.m */,
			);
			path = EULA;
			sourceTree = "<group>";
		};
		46F909CD2C8EEDD700A04F62 /* Web */ = {
			isa = PBXGroup;
			children = (
				46F909CE2C8EEDEB00A04F62 /* MPWebViewController.h */,
				46F909CF2C8EEDEB00A04F62 /* MPWebViewController.m */,
			);
			path = Web;
			sourceTree = "<group>";
		};
		E05E721C897E374A74F692A2 /* Pods */ = {
			isa = PBXGroup;
			children = (
				9F786120480E9D708B0201F0 /* Pods-MusicPlay.debug.xcconfig */,
				F430961907A8E09746238513 /* Pods-MusicPlay.release.xcconfig */,
			);
			path = Pods;
			sourceTree = "<group>";
		};
/* End PBXGroup section */

/* Begin PBXNativeTarget section */
		4647F1642C64EAFA002CCBE3 /* MusicPlay */ = {
			isa = PBXNativeTarget;
			buildConfigurationList = 4647F17E2C64EAFB002CCBE3 /* Build configuration list for PBXNativeTarget "MusicPlay" */;
			buildPhases = (
				D3A3389641D3B75B1417C50E /* [CP] Check Pods Manifest.lock */,
				4647F1612C64EAFA002CCBE3 /* Sources */,
				4647F1622C64EAFA002CCBE3 /* Frameworks */,
				4647F1632C64EAFA002CCBE3 /* Resources */,
				6D2106CF9FF4E9E1A65290D2 /* [CP] Embed Pods Frameworks */,
			);
			buildRules = (
			);
			dependencies = (
			);
			name = MusicPlay;
			productName = MusicPlay;
			productReference = 4647F1652C64EAFA002CCBE3 /* MusicPlay.app */;
			productType = "com.apple.product-type.application";
		};
/* End PBXNativeTarget section */

/* Begin PBXProject section */
		4647F15D2C64EAFA002CCBE3 /* Project object */ = {
			isa = PBXProject;
			attributes = {
				BuildIndependentTargetsInParallel = 1;
				LastUpgradeCheck = 1530;
				TargetAttributes = {
					4647F1642C64EAFA002CCBE3 = {
						CreatedOnToolsVersion = 15.3;
						LastSwiftMigration = 1530;
					};
				};
			};
			buildConfigurationList = 4647F1602C64EAFA002CCBE3 /* Build configuration list for PBXProject "MusicPlay" */;
			compatibilityVersion = "Xcode 14.0";
			developmentRegion = en;
			hasScannedForEncodings = 0;
			knownRegions = (
				en,
				Base,
			);
			mainGroup = 4647F15C2C64EAFA002CCBE3;
			productRefGroup = 4647F1662C64EAFA002CCBE3 /* Products */;
			projectDirPath = "";
			projectRoot = "";
			targets = (
				4647F1642C64EAFA002CCBE3 /* MusicPlay */,
			);
		};
/* End PBXProject section */

/* Begin PBXResourcesBuildPhase section */
		4647F1632C64EAFA002CCBE3 /* Resources */ = {
			isa = PBXResourcesBuildPhase;
			buildActionMask = 2147483647;
			files = (
				46F909C82C8ED30A00A04F62 /* eula.txt in Resources */,
				46A689E32C6719B3000A7033 /* songsData_itunes.plist in Resources */,
				463180572C7C6F25004D47DE /* AuthKey_9TA7FWK494.p8 in Resources */,
				464E4B392C69F7440004AE4C /* songsData_musicapi.plist in Resources */,
				4647F1752C64EAFB002CCBE3 /* Assets.xcassets in Resources */,
				4647F1782C64EAFB002CCBE3 /* Base in Resources */,
				46209C392C6B15B800058334 /* playlist.plist in Resources */,
			);
			runOnlyForDeploymentPostprocessing = 0;
		};
/* End PBXResourcesBuildPhase section */

/* Begin PBXShellScriptBuildPhase section */
		6D2106CF9FF4E9E1A65290D2 /* [CP] Embed Pods Frameworks */ = {
			isa = PBXShellScriptBuildPhase;
			buildActionMask = 2147483647;
			files = (
			);
			inputFileListPaths = (
				"${PODS_ROOT}/Target Support Files/Pods-MusicPlay/Pods-MusicPlay-frameworks-${CONFIGURATION}-input-files.xcfilelist",
			);
			name = "[CP] Embed Pods Frameworks";
			outputFileListPaths = (
				"${PODS_ROOT}/Target Support Files/Pods-MusicPlay/Pods-MusicPlay-frameworks-${CONFIGURATION}-output-files.xcfilelist",
			);
			runOnlyForDeploymentPostprocessing = 0;
			shellPath = /bin/sh;
			shellScript = "\"${PODS_ROOT}/Target Support Files/Pods-MusicPlay/Pods-MusicPlay-frameworks.sh\"\n";
			showEnvVarsInLog = 0;
		};
		D3A3389641D3B75B1417C50E /* [CP] Check Pods Manifest.lock */ = {
			isa = PBXShellScriptBuildPhase;
			buildActionMask = 2147483647;
			files = (
			);
			inputFileListPaths = (
			);
			inputPaths = (
				"${PODS_PODFILE_DIR_PATH}/Podfile.lock",
				"${PODS_ROOT}/Manifest.lock",
			);
			name = "[CP] Check Pods Manifest.lock";
			outputFileListPaths = (
			);
			outputPaths = (
				"$(DERIVED_FILE_DIR)/Pods-MusicPlay-checkManifestLockResult.txt",
			);
			runOnlyForDeploymentPostprocessing = 0;
			shellPath = /bin/sh;
			shellScript = "diff \"${PODS_PODFILE_DIR_PATH}/Podfile.lock\" \"${PODS_ROOT}/Manifest.lock\" > /dev/null\nif [ $? != 0 ] ; then\n    # print error to STDERR\n    echo \"error: The sandbox is not in sync with the Podfile.lock. Run 'pod install' or update your CocoaPods installation.\" >&2\n    exit 1\nfi\n# This output is used by Xcode 'outputs' to avoid re-running this script phase.\necho \"SUCCESS\" > \"${SCRIPT_OUTPUT_FILE_0}\"\n";
			showEnvVarsInLog = 0;
		};
/* End PBXShellScriptBuildPhase section */

/* Begin PBXSourcesBuildPhase section */
		4647F1612C64EAFA002CCBE3 /* Sources */ = {
			isa = PBXSourcesBuildPhase;
			buildActionMask = 2147483647;
			files = (
				46DBEB0C2C6C6427001E5DB8 /* BDLeftMenuView.m in Sources */,
				46F909C42C8ED30A00A04F62 /* D9BasicAlertView.m in Sources */,
				466F1AEF2C80B7A500986AA6 /* UIColor+Hex.m in Sources */,
				464E4B3C2C6A47A00004AE4C /* MPPlayerViewController.m in Sources */,
				466F1AE62C802ACB00986AA6 /* MPPlaylistService.m in Sources */,
				464E4B3F2C6A4A3F0004AE4C /* MPGlobalPlayerManager.m in Sources */,
				4647F1702C64EAFA002CCBE3 /* ViewController.m in Sources */,
				462574AA2C9314AC00C91CE1 /* ReportManager.m in Sources */,
				46922DBD2C886C3F00B073D9 /* MPMusicSearchViewController.m in Sources */,
				4647F16A2C64EAFA002CCBE3 /* AppDelegate.m in Sources */,
				46A4EE9B2C72F3AF0021A3B1 /* MPMusicPlayControl.swift in Sources */,
				46F909D02C8EEDEB00A04F62 /* MPWebViewController.m in Sources */,
				463CC15F2C6E2CBF00993ABB /* MPAliOSSManager.m in Sources */,
				464E4B372C69E90C0004AE4C /* MusicKitWrapper.swift in Sources */,
				46E9B9342C91982700919CF6 /* MPProfileEditViewController.m in Sources */,
				4647F1832C64FE19002CCBE3 /* MPPlayDetailListViewController.m in Sources */,
				463180552C7C5925004D47DE /* MPAuthService.m in Sources */,
				46F909C72C8ED30A00A04F62 /* D9UserAgreementAlert.m in Sources */,
				46F909B72C8ED14800A04F62 /* MPPrivacyPolicyViewController.m in Sources */,
				469812A92C7DC422003C0821 /* MPProfileManager.m in Sources */,
				4647F1892C64FEBD002CCBE3 /* MPPlayDetailListCell.m in Sources */,
				469812AC2C7DC4B2003C0821 /* MPUserProfile.m in Sources */,
				4647F1862C64FE56002CCBE3 /* MPPlayDetailHeaderView.m in Sources */,
				466F1AEA2C802BF100986AA6 /* MPNetworkManager.m in Sources */,
				4631F4762C96F7A600600A28 /* MPPlaylistModel.m in Sources */,
				46F909C52C8ED30A00A04F62 /* D9EULAViewController.m in Sources */,
				46A689DD2C671182000A7033 /* MPMusicSearchWrapper.m in Sources */,
				46F909CC2C8EDFC700A04F62 /* UIButton+BgImg.m in Sources */,
				4647F17B2C64EAFB002CCBE3 /* main.m in Sources */,
				4690F2ED2C8AEE1A006C7AF6 /* MPUITheme.m in Sources */,
				46209C372C6B129100058334 /* MPPlaylistSectionHeader.m in Sources */,
				46DBEB122C6CE7EE001E5DB8 /* NSString+ItunesSongUrl.m in Sources */,
				464E0E8F2C9044AE00733549 /* MPAboutViewController.m in Sources */,
				465124312C79BC16005AB29D /* MPLoginViewController.m in Sources */,
				46DBEB0F2C6CE3E3001E5DB8 /* MPPlayerListViewController.m in Sources */,
				463CC1582C6E06CC00993ABB /* DNEHUD.m in Sources */,
				46A689E12C6718F0000A7033 /* MPMusicCacheManager.m in Sources */,
				46572CA32C66161000EC61CD /* MPMusicPlayer.m in Sources */,
				46F909C62C8ED30A00A04F62 /* D9ReportAlert.m in Sources */,
				46F909C92C8ED30A00A04F62 /* UITextView+Link.m in Sources */,
				463CC1542C6DEF2000993ABB /* MPPlayListEditViewController.m in Sources */,
				4647F16D2C64EAFA002CCBE3 /* SceneDelegate.m in Sources */,
				465124372C79C01F005AB29D /* MPUIManager.m in Sources */,
				465124342C79BD23005AB29D /* UIView+TapGesture.m in Sources */,
			);
			runOnlyForDeploymentPostprocessing = 0;
		};
/* End PBXSourcesBuildPhase section */

/* Begin PBXVariantGroup section */
		4647F1762C64EAFB002CCBE3 /* LaunchScreen.storyboard */ = {
			isa = PBXVariantGroup;
			children = (
				4647F1772C64EAFB002CCBE3 /* Base */,
			);
			name = LaunchScreen.storyboard;
			sourceTree = "<group>";
		};
/* End PBXVariantGroup section */

/* Begin XCBuildConfiguration section */
		4647F17C2C64EAFB002CCBE3 /* Debug */ = {
			isa = XCBuildConfiguration;
			buildSettings = {
				ALWAYS_SEARCH_USER_PATHS = NO;
				ASSETCATALOG_COMPILER_GENERATE_SWIFT_ASSET_SYMBOL_EXTENSIONS = YES;
				CLANG_ANALYZER_NONNULL = YES;
				CLANG_ANALYZER_NUMBER_OBJECT_CONVERSION = YES_AGGRESSIVE;
				CLANG_CXX_LANGUAGE_STANDARD = "gnu++20";
				CLANG_ENABLE_MODULES = YES;
				CLANG_ENABLE_OBJC_ARC = YES;
				CLANG_ENABLE_OBJC_WEAK = YES;
				CLANG_WARN_BLOCK_CAPTURE_AUTORELEASING = YES;
				CLANG_WARN_BOOL_CONVERSION = YES;
				CLANG_WARN_COMMA = YES;
				CLANG_WARN_CONSTANT_CONVERSION = YES;
				CLANG_WARN_DEPRECATED_OBJC_IMPLEMENTATIONS = YES;
				CLANG_WARN_DIRECT_OBJC_ISA_USAGE = YES_ERROR;
				CLANG_WARN_DOCUMENTATION_COMMENTS = YES;
				CLANG_WARN_EMPTY_BODY = YES;
				CLANG_WARN_ENUM_CONVERSION = YES;
				CLANG_WARN_INFINITE_RECURSION = YES;
				CLANG_WARN_INT_CONVERSION = YES;
				CLANG_WARN_NON_LITERAL_NULL_CONVERSION = YES;
				CLANG_WARN_OBJC_IMPLICIT_RETAIN_SELF = YES;
				CLANG_WARN_OBJC_LITERAL_CONVERSION = YES;
				CLANG_WARN_OBJC_ROOT_CLASS = YES_ERROR;
				CLANG_WARN_QUOTED_INCLUDE_IN_FRAMEWORK_HEADER = YES;
				CLANG_WARN_RANGE_LOOP_ANALYSIS = YES;
				CLANG_WARN_STRICT_PROTOTYPES = YES;
				CLANG_WARN_SUSPICIOUS_MOVE = YES;
				CLANG_WARN_UNGUARDED_AVAILABILITY = YES_AGGRESSIVE;
				CLANG_WARN_UNREACHABLE_CODE = YES;
				CLANG_WARN__DUPLICATE_METHOD_MATCH = YES;
				COPY_PHASE_STRIP = NO;
				DEBUG_INFORMATION_FORMAT = dwarf;
				ENABLE_STRICT_OBJC_MSGSEND = YES;
				ENABLE_TESTABILITY = YES;
				ENABLE_USER_SCRIPT_SANDBOXING = YES;
				GCC_C_LANGUAGE_STANDARD = gnu17;
				GCC_DYNAMIC_NO_PIC = NO;
				GCC_NO_COMMON_BLOCKS = YES;
				GCC_OPTIMIZATION_LEVEL = 0;
				GCC_PREPROCESSOR_DEFINITIONS = (
					"DEBUG=1",
					"$(inherited)",
				);
				GCC_WARN_64_TO_32_BIT_CONVERSION = YES;
				GCC_WARN_ABOUT_RETURN_TYPE = YES_ERROR;
				GCC_WARN_UNDECLARED_SELECTOR = YES;
				GCC_WARN_UNINITIALIZED_AUTOS = YES_AGGRESSIVE;
				GCC_WARN_UNUSED_FUNCTION = YES;
				GCC_WARN_UNUSED_VARIABLE = YES;
				IPHONEOS_DEPLOYMENT_TARGET = 17.0;
				LOCALIZATION_PREFERS_STRING_CATALOGS = YES;
				MTL_ENABLE_DEBUG_INFO = INCLUDE_SOURCE;
				MTL_FAST_MATH = YES;
				ONLY_ACTIVE_ARCH = YES;
				SDKROOT = iphoneos;
			};
			name = Debug;
		};
		4647F17D2C64EAFB002CCBE3 /* Release */ = {
			isa = XCBuildConfiguration;
			buildSettings = {
				ALWAYS_SEARCH_USER_PATHS = NO;
				ASSETCATALOG_COMPILER_GENERATE_SWIFT_ASSET_SYMBOL_EXTENSIONS = YES;
				CLANG_ANALYZER_NONNULL = YES;
				CLANG_ANALYZER_NUMBER_OBJECT_CONVERSION = YES_AGGRESSIVE;
				CLANG_CXX_LANGUAGE_STANDARD = "gnu++20";
				CLANG_ENABLE_MODULES = YES;
				CLANG_ENABLE_OBJC_ARC = YES;
				CLANG_ENABLE_OBJC_WEAK = YES;
				CLANG_WARN_BLOCK_CAPTURE_AUTORELEASING = YES;
				CLANG_WARN_BOOL_CONVERSION = YES;
				CLANG_WARN_COMMA = YES;
				CLANG_WARN_CONSTANT_CONVERSION = YES;
				CLANG_WARN_DEPRECATED_OBJC_IMPLEMENTATIONS = YES;
				CLANG_WARN_DIRECT_OBJC_ISA_USAGE = YES_ERROR;
				CLANG_WARN_DOCUMENTATION_COMMENTS = YES;
				CLANG_WARN_EMPTY_BODY = YES;
				CLANG_WARN_ENUM_CONVERSION = YES;
				CLANG_WARN_INFINITE_RECURSION = YES;
				CLANG_WARN_INT_CONVERSION = YES;
				CLANG_WARN_NON_LITERAL_NULL_CONVERSION = YES;
				CLANG_WARN_OBJC_IMPLICIT_RETAIN_SELF = YES;
				CLANG_WARN_OBJC_LITERAL_CONVERSION = YES;
				CLANG_WARN_OBJC_ROOT_CLASS = YES_ERROR;
				CLANG_WARN_QUOTED_INCLUDE_IN_FRAMEWORK_HEADER = YES;
				CLANG_WARN_RANGE_LOOP_ANALYSIS = YES;
				CLANG_WARN_STRICT_PROTOTYPES = YES;
				CLANG_WARN_SUSPICIOUS_MOVE = YES;
				CLANG_WARN_UNGUARDED_AVAILABILITY = YES_AGGRESSIVE;
				CLANG_WARN_UNREACHABLE_CODE = YES;
				CLANG_WARN__DUPLICATE_METHOD_MATCH = YES;
				COPY_PHASE_STRIP = NO;
				DEBUG_INFORMATION_FORMAT = "dwarf-with-dsym";
				ENABLE_NS_ASSERTIONS = NO;
				ENABLE_STRICT_OBJC_MSGSEND = YES;
				ENABLE_USER_SCRIPT_SANDBOXING = YES;
				GCC_C_LANGUAGE_STANDARD = gnu17;
				GCC_NO_COMMON_BLOCKS = YES;
				GCC_WARN_64_TO_32_BIT_CONVERSION = YES;
				GCC_WARN_ABOUT_RETURN_TYPE = YES_ERROR;
				GCC_WARN_UNDECLARED_SELECTOR = YES;
				GCC_WARN_UNINITIALIZED_AUTOS = YES_AGGRESSIVE;
				GCC_WARN_UNUSED_FUNCTION = YES;
				GCC_WARN_UNUSED_VARIABLE = YES;
				IPHONEOS_DEPLOYMENT_TARGET = 17.0;
				LOCALIZATION_PREFERS_STRING_CATALOGS = YES;
				MTL_ENABLE_DEBUG_INFO = NO;
				MTL_FAST_MATH = YES;
				SDKROOT = iphoneos;
				VALIDATE_PRODUCT = YES;
			};
			name = Release;
		};
		4647F17F2C64EAFB002CCBE3 /* Debug */ = {
			isa = XCBuildConfiguration;
			baseConfigurationReference = 9F786120480E9D708B0201F0 /* Pods-MusicPlay.debug.xcconfig */;
			buildSettings = {
				ASSETCATALOG_COMPILER_APPICON_NAME = AppIcon;
				ASSETCATALOG_COMPILER_GLOBAL_ACCENT_COLOR_NAME = AccentColor;
				CLANG_ENABLE_MODULES = YES;
				CODE_SIGN_ENTITLEMENTS = MusicPlay/MusicPlay.entitlements;
				CODE_SIGN_STYLE = Automatic;
				CURRENT_PROJECT_VERSION = 1;
				DEVELOPMENT_TEAM = 525KY2226B;
				ENABLE_USER_SCRIPT_SANDBOXING = NO;
				GCC_PRECOMPILE_PREFIX_HEADER = YES;
				GCC_PREFIX_HEADER = "$(SRCROOT)/MusicPlay/Application/PrefixHeader.pch";
				GENERATE_INFOPLIST_FILE = YES;
				INFOPLIST_FILE = MusicPlay/Info.plist;
				INFOPLIST_KEY_CFBundleDisplayName = Melodies;
				INFOPLIST_KEY_NSAppleMusicUsageDescription = "We need access to your Apple Music library to search and play songs.";
				INFOPLIST_KEY_NSPhotoLibraryUsageDescription = "We need access to your photo library to upload images as playlist covers. This will allow you to personalize your playlists with your favorite photos.\n";
				INFOPLIST_KEY_UIApplicationSupportsIndirectInputEvents = YES;
				INFOPLIST_KEY_UILaunchStoryboardName = LaunchScreen;
				INFOPLIST_KEY_UISupportedInterfaceOrientations_iPhone = UIInterfaceOrientationPortrait;
				IPHONEOS_DEPLOYMENT_TARGET = 17.0;
				LD_RUNPATH_SEARCH_PATHS = (
					"$(inherited)",
					"@executable_path/Frameworks",
				);
				MARKETING_VERSION = 1.0.1;
				ONLY_ACTIVE_ARCH = YES;
				PRODUCT_BUNDLE_IDENTIFIER = com.xes.melody;
				PRODUCT_NAME = "$(TARGET_NAME)";
				SUPPORTED_PLATFORMS = "iphoneos iphonesimulator";
				SUPPORTS_MACCATALYST = NO;
				SUPPORTS_MAC_DESIGNED_FOR_IPHONE_IPAD = NO;
				SUPPORTS_XR_DESIGNED_FOR_IPHONE_IPAD = NO;
				SWIFT_EMIT_LOC_STRINGS = YES;
				SWIFT_OBJC_BRIDGING_HEADER = "MusicPlay/MusicPlay-Bridging-Header.h";
				SWIFT_OPTIMIZATION_LEVEL = "-Onone";
				SWIFT_VERSION = 5.0;
				TARGETED_DEVICE_FAMILY = 1;
			};
			name = Debug;
		};
		4647F1802C64EAFB002CCBE3 /* Release */ = {
			isa = XCBuildConfiguration;
			baseConfigurationReference = F430961907A8E09746238513 /* Pods-MusicPlay.release.xcconfig */;
			buildSettings = {
				ASSETCATALOG_COMPILER_APPICON_NAME = AppIcon;
				ASSETCATALOG_COMPILER_GLOBAL_ACCENT_COLOR_NAME = AccentColor;
				CLANG_ENABLE_MODULES = YES;
				CODE_SIGN_ENTITLEMENTS = MusicPlay/MusicPlay.entitlements;
				CODE_SIGN_STYLE = Automatic;
				CURRENT_PROJECT_VERSION = 1;
				DEVELOPMENT_TEAM = 525KY2226B;
				ENABLE_USER_SCRIPT_SANDBOXING = NO;
				GCC_PRECOMPILE_PREFIX_HEADER = YES;
				GCC_PREFIX_HEADER = "$(SRCROOT)/MusicPlay/Application/PrefixHeader.pch";
				GENERATE_INFOPLIST_FILE = YES;
				INFOPLIST_FILE = MusicPlay/Info.plist;
				INFOPLIST_KEY_CFBundleDisplayName = Melodies;
				INFOPLIST_KEY_NSAppleMusicUsageDescription = "We need access to your Apple Music library to search and play songs.";
				INFOPLIST_KEY_NSPhotoLibraryUsageDescription = "We need access to your photo library to upload images as playlist covers. This will allow you to personalize your playlists with your favorite photos.\n";
				INFOPLIST_KEY_UIApplicationSupportsIndirectInputEvents = YES;
				INFOPLIST_KEY_UILaunchStoryboardName = LaunchScreen;
				INFOPLIST_KEY_UISupportedInterfaceOrientations_iPhone = UIInterfaceOrientationPortrait;
				IPHONEOS_DEPLOYMENT_TARGET = 17.0;
				LD_RUNPATH_SEARCH_PATHS = (
					"$(inherited)",
					"@executable_path/Frameworks",
				);
				MARKETING_VERSION = 1.0.1;
				ONLY_ACTIVE_ARCH = YES;
				PRODUCT_BUNDLE_IDENTIFIER = com.xes.melody;
				PRODUCT_NAME = "$(TARGET_NAME)";
				SUPPORTED_PLATFORMS = "iphoneos iphonesimulator";
				SUPPORTS_MACCATALYST = NO;
				SUPPORTS_MAC_DESIGNED_FOR_IPHONE_IPAD = NO;
				SUPPORTS_XR_DESIGNED_FOR_IPHONE_IPAD = NO;
				SWIFT_EMIT_LOC_STRINGS = YES;
				SWIFT_OBJC_BRIDGING_HEADER = "MusicPlay/MusicPlay-Bridging-Header.h";
				SWIFT_VERSION = 5.0;
				TARGETED_DEVICE_FAMILY = 1;
			};
			name = Release;
		};
/* End XCBuildConfiguration section */

/* Begin XCConfigurationList section */
		4647F1602C64EAFA002CCBE3 /* Build configuration list for PBXProject "MusicPlay" */ = {
			isa = XCConfigurationList;
			buildConfigurations = (
				4647F17C2C64EAFB002CCBE3 /* Debug */,
				4647F17D2C64EAFB002CCBE3 /* Release */,
			);
			defaultConfigurationIsVisible = 0;
			defaultConfigurationName = Release;
		};
		4647F17E2C64EAFB002CCBE3 /* Build configuration list for PBXNativeTarget "MusicPlay" */ = {
			isa = XCConfigurationList;
			buildConfigurations = (
				4647F17F2C64EAFB002CCBE3 /* Debug */,
				4647F1802C64EAFB002CCBE3 /* Release */,
			);
			defaultConfigurationIsVisible = 0;
			defaultConfigurationName = Release;
		};
/* End XCConfigurationList section */
	};
	rootObject = 4647F15D2C64EAFA002CCBE3 /* Project object */;
}
